<?xml version="1.0" encoding="utf-8"?>
<Project xmlns="http://schemas.microsoft.com/developer/msbuild/2003">
  <ItemGroup>
    <Filter Include="Form Files">
      <UniqueIdentifier>{99349809-55BA-4b9d-BF79-8FDBB0286EB3}</UniqueIdentifier>
      <Extensions>ui</Extensions>
      <ParseFiles>false</ParseFiles>
    </Filter>
    <Filter Include="Form Files">
      <UniqueIdentifier>{99349809-55BA-4b9d-BF79-8FDBB0286EB3}</UniqueIdentifier>
      <Extensions>ui</Extensions>
      <ParseFiles>false</ParseFiles>
    </Filter>
    <Filter Include="Generated Files">
      <UniqueIdentifier>{71ED8ED8-ACB9-4CE9-BBE1-E00B30144E11}</UniqueIdentifier>
      <Extensions>cpp;c;cxx;moc;h;def;odl;idl;res;</Extensions>
    </Filter>
    <Filter Include="Generated Files">
      <UniqueIdentifier>{71ED8ED8-ACB9-4CE9-BBE1-E00B30144E11}</UniqueIdentifier>
      <Extensions>cpp;c;cxx;moc;h;def;odl;idl;res;</Extensions>
    </Filter>
    <Filter Include="Header Files">
      <UniqueIdentifier>{93995380-89BD-4b04-88EB-625FBE52EBFB}</UniqueIdentifier>
      <Extensions>h;hpp;hxx;hm;inl;inc;xsd</Extensions>
    </Filter>
    <Filter Include="Header Files">
      <UniqueIdentifier>{93995380-89BD-4b04-88EB-625FBE52EBFB}</UniqueIdentifier>
      <Extensions>h;hpp;hxx;hm;inl;inc;xsd</Extensions>
    </Filter>
    <Filter Include="Source Files">
      <UniqueIdentifier>{4FC737F1-C7A5-4376-A066-2A32D752A2FF}</UniqueIdentifier>
      <Extensions>cpp;c;cxx;def;odl;idl;hpj;bat;asm;asmx</Extensions>
    </Filter>
    <Filter Include="Source Files">
      <UniqueIdentifier>{4FC737F1-C7A5-4376-A066-2A32D752A2FF}</UniqueIdentifier>
      <Extensions>cpp;c;cxx;def;odl;idl;hpj;bat;asm;asmx</Extensions>
    </Filter>
  </ItemGroup>
  <ItemGroup>
    <ClCompile Include="capacitor.cpp">
      <Filter>Source Files</Filter>
    </ClCompile>
    <ClCompile Include="circuit.cpp">
      <Filter>Source Files</Filter>
    </ClCompile>
    <ClCompile Include="circuitelement.cpp">
      <Filter>Source Files</Filter>
    </ClCompile>
    <ClCompile Include="helpbrowser.cpp">
      <Filter>Source Files</Filter>
    </ClCompile>
    <ClCompile Include="helptextviewer.cpp">
      <Filter>Source Files</Filter>
    </ClCompile>
    <ClCompile Include="inductor.cpp">
      <Filter>Source Files</Filter>
    </ClCompile>
    <ClCompile Include="main.cpp">
      <Filter>Source Files</Filter>
    </ClCompile>
    <ClCompile Include="namedialog.cpp">
      <Filter>Source Files</Filter>
    </ClCompile>
    <ClCompile Include="potentiometer.cpp">
      <Filter>Source Files</Filter>
    </ClCompile>
    <ClCompile Include="resistor.cpp">
      <Filter>Source Files</Filter>
    </ClCompile>
    <ClCompile Include="settingsdialog.cpp">
      <Filter>Source Files</Filter>
    </ClCompile>
    <ClCompile Include="tonestackcalculator.cpp">
      <Filter>Source Files</Filter>
    </ClCompile>
  </ItemGroup>
  <ItemGroup>
    <ClInclude Include="capacitor.h">
      <Filter>Header Files</Filter>
    </ClInclude>
    <ClInclude Include="circuit.h">
      <Filter>Header Files</Filter>
    </ClInclude>
    <ClInclude Include="circuitelement.h">
      <Filter>Header Files</Filter>
    </ClInclude>
    <QtMoc Include="helpbrowser.h">
      <Filter>Header Files</Filter>
    </QtMoc>
    <ClInclude Include="helptextviewer.h">
      <Filter>Header Files</Filter>
    </ClInclude>
    <ClInclude Include="inductor.h">
      <Filter>Header Files</Filter>
    </ClInclude>
    <QtMoc Include="namedialog.h">
      <Filter>Header Files</Filter>
    </QtMoc>
    <ClInclude Include="potentiometer.h">
      <Filter>Header Files</Filter>
    </ClInclude>
    <ClInclude Include="potsweep.h">
      <Filter>Header Files</Filter>
    </ClInclude>
    <ClInclude Include="resistor.h">
      <Filter>Header Files</Filter>
    </ClInclude>
    <QtMoc Include="settingsdialog.h">
      <Filter>Header Files</Filter>
    </QtMoc>
    <ClInclude Include="ngspice\sharedspice.h">
      <Filter>Header Files</Filter>
    </ClInclude>
    <QtMoc Include="tonestackcalculator.h">
      <Filter>Header Files</Filter>
    </QtMoc>
  </ItemGroup>
  <ItemGroup>
    
    
    
    
    <CustomBuild Include="debug\moc_predefs.h.cbt">
      <Filter>Generated Files</Filter>
    </CustomBuild>
    <CustomBuild Include="release\moc_predefs.h.cbt">
      <Filter>Generated Files</Filter>
    </CustomBuild>
    
    
    
    
    
    
    
    
  </ItemGroup>
  <ItemGroup>
    <QtUic Include="helpbrowser.ui">
      <Filter>Form Files</Filter>
    </QtUic>
    <QtUic Include="namedialog.ui">
      <Filter>Form Files</Filter>
    </QtUic>
    <QtUic Include="settingsdialog.ui">
      <Filter>Form Files</Filter>
    </QtUic>
    <QtUic Include="tonestackcalculator.ui">
      <Filter>Form Files</Filter>
    </QtUic>
  </ItemGroup>
</Project>